// !$*UTF8*$!
{
	archiveVersion = 1;
	classes = {
	};
	objectVersion = 46;
	objects = {

/* Begin PBXBuildFile section */
		1A82A5B74CED466EB7611858 /* libPods.a in Frameworks */ = {isa = PBXBuildFile; fileRef = 76A4D6CCF628474498CA36EF /* libPods.a */; };
		5727AE5915C522C400B83592 /* SystemConfiguration.framework in Frameworks */ = {isa = PBXBuildFile; fileRef = 57AD74B415C5203A007CB536 /* SystemConfiguration.framework */; };
		575384CD158CE10B006C9902 /* UIKit.framework in Frameworks */ = {isa = PBXBuildFile; fileRef = 575B72A11586FD6600470D1C /* UIKit.framework */; };
		575384CE158CE10B006C9902 /* Foundation.framework in Frameworks */ = {isa = PBXBuildFile; fileRef = 575B72A31586FD6600470D1C /* Foundation.framework */; };
		575384CF158CE10C006C9902 /* CoreGraphics.framework in Frameworks */ = {isa = PBXBuildFile; fileRef = 575B72A51586FD6600470D1C /* CoreGraphics.framework */; };
		575384D5158CE10C006C9902 /* InfoPlist.strings in Resources */ = {isa = PBXBuildFile; fileRef = 575384D3158CE10C006C9902 /* InfoPlist.strings */; };
		575384E9158CE123006C9902 /* libPods.a in Frameworks */ = {isa = PBXBuildFile; fileRef = 76A4D6CCF628474498CA36EF /* libPods.a */; };
		575B72A21586FD6600470D1C /* UIKit.framework in Frameworks */ = {isa = PBXBuildFile; fileRef = 575B72A11586FD6600470D1C /* UIKit.framework */; };
		575B72A41586FD6600470D1C /* Foundation.framework in Frameworks */ = {isa = PBXBuildFile; fileRef = 575B72A31586FD6600470D1C /* Foundation.framework */; };
		575B72A61586FD6600470D1C /* CoreGraphics.framework in Frameworks */ = {isa = PBXBuildFile; fileRef = 575B72A51586FD6600470D1C /* CoreGraphics.framework */; };
		575B72AC1586FD6600470D1C /* InfoPlist.strings in Resources */ = {isa = PBXBuildFile; fileRef = 575B72AA1586FD6600470D1C /* InfoPlist.strings */; };
		575B72AE1586FD6600470D1C /* main.m in Sources */ = {isa = PBXBuildFile; fileRef = 575B72AD1586FD6600470D1C /* main.m */; };
		575B72B21586FD6600470D1C /* CLVAppDelegate.m in Sources */ = {isa = PBXBuildFile; fileRef = 575B72B11586FD6600470D1C /* CLVAppDelegate.m */; };
		57AD74B515C5203B007CB536 /* SystemConfiguration.framework in Frameworks */ = {isa = PBXBuildFile; fileRef = 57AD74B415C5203A007CB536 /* SystemConfiguration.framework */; };
		57F392DA158E029F00B71B9A /* main.m in Sources */ = {isa = PBXBuildFile; fileRef = 57F392D9158E029F00B71B9A /* main.m */; };
		57F392DE158E05A300B71B9A /* CLVStarChatUserInfoTest.m in Sources */ = {isa = PBXBuildFile; fileRef = 57F392DD158E05A300B71B9A /* CLVStarChatUserInfoTest.m */; };
		57F392E6158E10F700B71B9A /* CLVStarChatChannelInfoTest.m in Sources */ = {isa = PBXBuildFile; fileRef = 57F392E5158E10F700B71B9A /* CLVStarChatChannelInfoTest.m */; };
		57F392E9158E315F00B71B9A /* CLVStarChatTopicInfoTest.m in Sources */ = {isa = PBXBuildFile; fileRef = 57F392E8158E315F00B71B9A /* CLVStarChatTopicInfoTest.m */; };
		57F392EC158E318100B71B9A /* CLVStarChatMessageInfoTest.m in Sources */ = {isa = PBXBuildFile; fileRef = 57F392EB158E318100B71B9A /* CLVStarChatMessageInfoTest.m */; };
		57F392EF158E31A900B71B9A /* CLVStarChatAPIClientTest.m in Sources */ = {isa = PBXBuildFile; fileRef = 57F392EE158E31A900B71B9A /* CLVStarChatAPIClientTest.m */; };
		57F3931015975FC100B71B9A /* CLVStarChatAPIClient.m in Sources */ = {isa = PBXBuildFile; fileRef = 57F3930715975FC100B71B9A /* CLVStarChatAPIClient.m */; };
		57F3931115975FC100B71B9A /* CLVStarChatAPIClient.m in Sources */ = {isa = PBXBuildFile; fileRef = 57F3930715975FC100B71B9A /* CLVStarChatAPIClient.m */; };
		57F3931215975FC100B71B9A /* CLVStarChatChannelInfo.m in Sources */ = {isa = PBXBuildFile; fileRef = 57F3930915975FC100B71B9A /* CLVStarChatChannelInfo.m */; };
		57F3931315975FC100B71B9A /* CLVStarChatChannelInfo.m in Sources */ = {isa = PBXBuildFile; fileRef = 57F3930915975FC100B71B9A /* CLVStarChatChannelInfo.m */; };
		57F3931415975FC100B71B9A /* CLVStarChatMessageInfo.m in Sources */ = {isa = PBXBuildFile; fileRef = 57F3930B15975FC100B71B9A /* CLVStarChatMessageInfo.m */; };
		57F3931515975FC100B71B9A /* CLVStarChatMessageInfo.m in Sources */ = {isa = PBXBuildFile; fileRef = 57F3930B15975FC100B71B9A /* CLVStarChatMessageInfo.m */; };
		57F3931615975FC100B71B9A /* CLVStarChatTopicInfo.m in Sources */ = {isa = PBXBuildFile; fileRef = 57F3930D15975FC100B71B9A /* CLVStarChatTopicInfo.m */; };
		57F3931715975FC100B71B9A /* CLVStarChatTopicInfo.m in Sources */ = {isa = PBXBuildFile; fileRef = 57F3930D15975FC100B71B9A /* CLVStarChatTopicInfo.m */; };
		57F3931815975FC100B71B9A /* CLVStarChatUserInfo.m in Sources */ = {isa = PBXBuildFile; fileRef = 57F3930F15975FC100B71B9A /* CLVStarChatUserInfo.m */; };
		57F3931915975FC100B71B9A /* CLVStarChatUserInfo.m in Sources */ = {isa = PBXBuildFile; fileRef = 57F3930F15975FC100B71B9A /* CLVStarChatUserInfo.m */; };
/* End PBXBuildFile section */

/* Begin PBXFileReference section */
		53B2D48307FB4E03B1E0E804 /* Pods.xcconfig */ = {isa = PBXFileReference; lastKnownFileType = text.xcconfig; name = Pods.xcconfig; path = Pods/Pods.xcconfig; sourceTree = SOURCE_ROOT; };
		575384CB158CE10B006C9902 /* StarChatAPIClientExampleTests.app */ = {isa = PBXFileReference; explicitFileType = wrapper.application; includeInIndex = 0; path = StarChatAPIClientExampleTests.app; sourceTree = BUILT_PRODUCTS_DIR; };
		575384D2158CE10C006C9902 /* StarChatAPIClientExampleTests-Info.plist */ = {isa = PBXFileReference; lastKnownFileType = text.plist.xml; path = "StarChatAPIClientExampleTests-Info.plist"; sourceTree = "<group>"; };
		575384D4158CE10C006C9902 /* en */ = {isa = PBXFileReference; lastKnownFileType = text.plist.strings; name = en; path = en.lproj/InfoPlist.strings; sourceTree = "<group>"; };
		575384D8158CE10C006C9902 /* StarChatAPIClientExampleTests-Prefix.pch */ = {isa = PBXFileReference; lastKnownFileType = sourcecode.c.h; path = "StarChatAPIClientExampleTests-Prefix.pch"; sourceTree = "<group>"; };
		575B729D1586FD6600470D1C /* StarChatAPIClientExample.app */ = {isa = PBXFileReference; explicitFileType = wrapper.application; includeInIndex = 0; path = StarChatAPIClientExample.app; sourceTree = BUILT_PRODUCTS_DIR; };
		575B72A11586FD6600470D1C /* UIKit.framework */ = {isa = PBXFileReference; lastKnownFileType = wrapper.framework; name = UIKit.framework; path = System/Library/Frameworks/UIKit.framework; sourceTree = SDKROOT; };
		575B72A31586FD6600470D1C /* Foundation.framework */ = {isa = PBXFileReference; lastKnownFileType = wrapper.framework; name = Foundation.framework; path = System/Library/Frameworks/Foundation.framework; sourceTree = SDKROOT; };
		575B72A51586FD6600470D1C /* CoreGraphics.framework */ = {isa = PBXFileReference; lastKnownFileType = wrapper.framework; name = CoreGraphics.framework; path = System/Library/Frameworks/CoreGraphics.framework; sourceTree = SDKROOT; };
		575B72A91586FD6600470D1C /* StarChatAPIClientExample-Info.plist */ = {isa = PBXFileReference; lastKnownFileType = text.plist.xml; path = "StarChatAPIClientExample-Info.plist"; sourceTree = "<group>"; };
		575B72AB1586FD6600470D1C /* en */ = {isa = PBXFileReference; lastKnownFileType = text.plist.strings; name = en; path = en.lproj/InfoPlist.strings; sourceTree = "<group>"; };
		575B72AD1586FD6600470D1C /* main.m */ = {isa = PBXFileReference; lastKnownFileType = sourcecode.c.objc; path = main.m; sourceTree = "<group>"; };
		575B72AF1586FD6600470D1C /* StarChatAPIClientExample-Prefix.pch */ = {isa = PBXFileReference; lastKnownFileType = sourcecode.c.h; path = "StarChatAPIClientExample-Prefix.pch"; sourceTree = "<group>"; };
		575B72B01586FD6600470D1C /* CLVAppDelegate.h */ = {isa = PBXFileReference; lastKnownFileType = sourcecode.c.h; path = CLVAppDelegate.h; sourceTree = "<group>"; };
		575B72B11586FD6600470D1C /* CLVAppDelegate.m */ = {isa = PBXFileReference; lastKnownFileType = sourcecode.c.objc; path = CLVAppDelegate.m; sourceTree = "<group>"; };
		57AD74B415C5203A007CB536 /* SystemConfiguration.framework */ = {isa = PBXFileReference; lastKnownFileType = wrapper.framework; name = SystemConfiguration.framework; path = System/Library/Frameworks/SystemConfiguration.framework; sourceTree = SDKROOT; };
		57F392D9158E029F00B71B9A /* main.m */ = {isa = PBXFileReference; fileEncoding = 4; lastKnownFileType = sourcecode.c.objc; path = main.m; sourceTree = "<group>"; };
		57F392DC158E05A300B71B9A /* CLVStarChatUserInfoTest.h */ = {isa = PBXFileReference; fileEncoding = 4; lastKnownFileType = sourcecode.c.h; path = CLVStarChatUserInfoTest.h; sourceTree = "<group>"; };
		57F392DD158E05A300B71B9A /* CLVStarChatUserInfoTest.m */ = {isa = PBXFileReference; fileEncoding = 4; lastKnownFileType = sourcecode.c.objc; path = CLVStarChatUserInfoTest.m; sourceTree = "<group>"; };
		57F392E4158E10F700B71B9A /* CLVStarChatChannelInfoTest.h */ = {isa = PBXFileReference; fileEncoding = 4; lastKnownFileType = sourcecode.c.h; path = CLVStarChatChannelInfoTest.h; sourceTree = "<group>"; };
		57F392E5158E10F700B71B9A /* CLVStarChatChannelInfoTest.m */ = {isa = PBXFileReference; fileEncoding = 4; lastKnownFileType = sourcecode.c.objc; path = CLVStarChatChannelInfoTest.m; sourceTree = "<group>"; };
		57F392E7158E315F00B71B9A /* CLVStarChatTopicInfoTest.h */ = {isa = PBXFileReference; fileEncoding = 4; lastKnownFileType = sourcecode.c.h; path = CLVStarChatTopicInfoTest.h; sourceTree = "<group>"; };
		57F392E8158E315F00B71B9A /* CLVStarChatTopicInfoTest.m */ = {isa = PBXFileReference; fileEncoding = 4; lastKnownFileType = sourcecode.c.objc; path = CLVStarChatTopicInfoTest.m; sourceTree = "<group>"; };
		57F392EA158E318000B71B9A /* CLVStarChatMessageInfoTest.h */ = {isa = PBXFileReference; fileEncoding = 4; lastKnownFileType = sourcecode.c.h; path = CLVStarChatMessageInfoTest.h; sourceTree = "<group>"; };
		57F392EB158E318100B71B9A /* CLVStarChatMessageInfoTest.m */ = {isa = PBXFileReference; fileEncoding = 4; lastKnownFileType = sourcecode.c.objc; path = CLVStarChatMessageInfoTest.m; sourceTree = "<group>"; };
		57F392ED158E31A900B71B9A /* CLVStarChatAPIClientTest.h */ = {isa = PBXFileReference; fileEncoding = 4; lastKnownFileType = sourcecode.c.h; path = CLVStarChatAPIClientTest.h; sourceTree = "<group>"; };
		57F392EE158E31A900B71B9A /* CLVStarChatAPIClientTest.m */ = {isa = PBXFileReference; fileEncoding = 4; lastKnownFileType = sourcecode.c.objc; path = CLVStarChatAPIClientTest.m; sourceTree = "<group>"; };
		57F3930615975FC100B71B9A /* CLVStarChatAPIClient.h */ = {isa = PBXFileReference; fileEncoding = 4; lastKnownFileType = sourcecode.c.h; name = CLVStarChatAPIClient.h; path = ../CLVStarChatAPIClient/CLVStarChatAPIClient.h; sourceTree = "<group>"; };
		57F3930715975FC100B71B9A /* CLVStarChatAPIClient.m */ = {isa = PBXFileReference; fileEncoding = 4; lastKnownFileType = sourcecode.c.objc; name = CLVStarChatAPIClient.m; path = ../CLVStarChatAPIClient/CLVStarChatAPIClient.m; sourceTree = "<group>"; };
		57F3930815975FC100B71B9A /* CLVStarChatChannelInfo.h */ = {isa = PBXFileReference; fileEncoding = 4; lastKnownFileType = sourcecode.c.h; name = CLVStarChatChannelInfo.h; path = ../CLVStarChatAPIClient/CLVStarChatChannelInfo.h; sourceTree = "<group>"; };
		57F3930915975FC100B71B9A /* CLVStarChatChannelInfo.m */ = {isa = PBXFileReference; fileEncoding = 4; lastKnownFileType = sourcecode.c.objc; name = CLVStarChatChannelInfo.m; path = ../CLVStarChatAPIClient/CLVStarChatChannelInfo.m; sourceTree = "<group>"; };
		57F3930A15975FC100B71B9A /* CLVStarChatMessageInfo.h */ = {isa = PBXFileReference; fileEncoding = 4; lastKnownFileType = sourcecode.c.h; name = CLVStarChatMessageInfo.h; path = ../CLVStarChatAPIClient/CLVStarChatMessageInfo.h; sourceTree = "<group>"; };
		57F3930B15975FC100B71B9A /* CLVStarChatMessageInfo.m */ = {isa = PBXFileReference; fileEncoding = 4; lastKnownFileType = sourcecode.c.objc; name = CLVStarChatMessageInfo.m; path = ../CLVStarChatAPIClient/CLVStarChatMessageInfo.m; sourceTree = "<group>"; };
		57F3930C15975FC100B71B9A /* CLVStarChatTopicInfo.h */ = {isa = PBXFileReference; fileEncoding = 4; lastKnownFileType = sourcecode.c.h; name = CLVStarChatTopicInfo.h; path = ../CLVStarChatAPIClient/CLVStarChatTopicInfo.h; sourceTree = "<group>"; };
		57F3930D15975FC100B71B9A /* CLVStarChatTopicInfo.m */ = {isa = PBXFileReference; fileEncoding = 4; lastKnownFileType = sourcecode.c.objc; name = CLVStarChatTopicInfo.m; path = ../CLVStarChatAPIClient/CLVStarChatTopicInfo.m; sourceTree = "<group>"; };
		57F3930E15975FC100B71B9A /* CLVStarChatUserInfo.h */ = {isa = PBXFileReference; fileEncoding = 4; lastKnownFileType = sourcecode.c.h; name = CLVStarChatUserInfo.h; path = ../CLVStarChatAPIClient/CLVStarChatUserInfo.h; sourceTree = "<group>"; };
		57F3930F15975FC100B71B9A /* CLVStarChatUserInfo.m */ = {isa = PBXFileReference; fileEncoding = 4; lastKnownFileType = sourcecode.c.objc; name = CLVStarChatUserInfo.m; path = ../CLVStarChatAPIClient/CLVStarChatUserInfo.m; sourceTree = "<group>"; };
		76A4D6CCF628474498CA36EF /* libPods.a */ = {isa = PBXFileReference; explicitFileType = archive.ar; includeInIndex = 0; path = libPods.a; sourceTree = BUILT_PRODUCTS_DIR; };
/* End PBXFileReference section */

/* Begin PBXFrameworksBuildPhase section */
		575384C8158CE10B006C9902 /* Frameworks */ = {
			isa = PBXFrameworksBuildPhase;
			buildActionMask = 2147483647;
			files = (
				575384CD158CE10B006C9902 /* UIKit.framework in Frameworks */,
				575384CE158CE10B006C9902 /* Foundation.framework in Frameworks */,
				575384CF158CE10C006C9902 /* CoreGraphics.framework in Frameworks */,
				57AD74B515C5203B007CB536 /* SystemConfiguration.framework in Frameworks */,
				575384E9158CE123006C9902 /* libPods.a in Frameworks */,
			);
			runOnlyForDeploymentPostprocessing = 0;
		};
		575B729A1586FD6600470D1C /* Frameworks */ = {
			isa = PBXFrameworksBuildPhase;
			buildActionMask = 2147483647;
			files = (
				5727AE5915C522C400B83592 /* SystemConfiguration.framework in Frameworks */,
				575B72A21586FD6600470D1C /* UIKit.framework in Frameworks */,
				575B72A41586FD6600470D1C /* Foundation.framework in Frameworks */,
				575B72A61586FD6600470D1C /* CoreGraphics.framework in Frameworks */,
				1A82A5B74CED466EB7611858 /* libPods.a in Frameworks */,
			);
			runOnlyForDeploymentPostprocessing = 0;
		};
/* End PBXFrameworksBuildPhase section */

/* Begin PBXGroup section */
		575384D0158CE10C006C9902 /* StarChatAPIClientExampleTests */ = {
			isa = PBXGroup;
			children = (
				575384D1158CE10C006C9902 /* Supporting Files */,
				57F392ED158E31A900B71B9A /* CLVStarChatAPIClientTest.h */,
				57F392EE158E31A900B71B9A /* CLVStarChatAPIClientTest.m */,
				57F392DC158E05A300B71B9A /* CLVStarChatUserInfoTest.h */,
				57F392DD158E05A300B71B9A /* CLVStarChatUserInfoTest.m */,
				57F392E4158E10F700B71B9A /* CLVStarChatChannelInfoTest.h */,
				57F392E5158E10F700B71B9A /* CLVStarChatChannelInfoTest.m */,
				57F392E7158E315F00B71B9A /* CLVStarChatTopicInfoTest.h */,
				57F392E8158E315F00B71B9A /* CLVStarChatTopicInfoTest.m */,
				57F392EA158E318000B71B9A /* CLVStarChatMessageInfoTest.h */,
				57F392EB158E318100B71B9A /* CLVStarChatMessageInfoTest.m */,
			);
			path = StarChatAPIClientExampleTests;
			sourceTree = "<group>";
		};
		575384D1158CE10C006C9902 /* Supporting Files */ = {
			isa = PBXGroup;
			children = (
				575384D2158CE10C006C9902 /* StarChatAPIClientExampleTests-Info.plist */,
				575384D3158CE10C006C9902 /* InfoPlist.strings */,
				57F392D9158E029F00B71B9A /* main.m */,
				575384D8158CE10C006C9902 /* StarChatAPIClientExampleTests-Prefix.pch */,
			);
			name = "Supporting Files";
			sourceTree = "<group>";
		};
		575B72921586FD6600470D1C = {
			isa = PBXGroup;
			children = (
				575B72BD1586FD9D00470D1C /* CLVStarChatAPIClient */,
				575B72A71586FD6600470D1C /* StarChatAPIClientExample */,
				575384D0158CE10C006C9902 /* StarChatAPIClientExampleTests */,
				575B72A01586FD6600470D1C /* Frameworks */,
				575B729E1586FD6600470D1C /* Products */,
				53B2D48307FB4E03B1E0E804 /* Pods.xcconfig */,
			);
			sourceTree = "<group>";
		};
		575B729E1586FD6600470D1C /* Products */ = {
			isa = PBXGroup;
			children = (
				575B729D1586FD6600470D1C /* StarChatAPIClientExample.app */,
				575384CB158CE10B006C9902 /* StarChatAPIClientExampleTests.app */,
			);
			name = Products;
			sourceTree = "<group>";
		};
		575B72A01586FD6600470D1C /* Frameworks */ = {
			isa = PBXGroup;
			children = (
				57AD74B415C5203A007CB536 /* SystemConfiguration.framework */,
				575B72A11586FD6600470D1C /* UIKit.framework */,
				575B72A31586FD6600470D1C /* Foundation.framework */,
				575B72A51586FD6600470D1C /* CoreGraphics.framework */,
				76A4D6CCF628474498CA36EF /* libPods.a */,
			);
			name = Frameworks;
			sourceTree = "<group>";
		};
		575B72A71586FD6600470D1C /* StarChatAPIClientExample */ = {
			isa = PBXGroup;
			children = (
				575B72B01586FD6600470D1C /* CLVAppDelegate.h */,
				575B72B11586FD6600470D1C /* CLVAppDelegate.m */,
				575B72A81586FD6600470D1C /* Supporting Files */,
			);
			path = StarChatAPIClientExample;
			sourceTree = "<group>";
		};
		575B72A81586FD6600470D1C /* Supporting Files */ = {
			isa = PBXGroup;
			children = (
				575B72A91586FD6600470D1C /* StarChatAPIClientExample-Info.plist */,
				575B72AA1586FD6600470D1C /* InfoPlist.strings */,
				575B72AD1586FD6600470D1C /* main.m */,
				575B72AF1586FD6600470D1C /* StarChatAPIClientExample-Prefix.pch */,
			);
			name = "Supporting Files";
			sourceTree = "<group>";
		};
		575B72BD1586FD9D00470D1C /* CLVStarChatAPIClient */ = {
			isa = PBXGroup;
			children = (
				57F3930615975FC100B71B9A /* CLVStarChatAPIClient.h */,
				57F3930715975FC100B71B9A /* CLVStarChatAPIClient.m */,
				57F3930815975FC100B71B9A /* CLVStarChatChannelInfo.h */,
				57F3930915975FC100B71B9A /* CLVStarChatChannelInfo.m */,
				57F3930A15975FC100B71B9A /* CLVStarChatMessageInfo.h */,
				57F3930B15975FC100B71B9A /* CLVStarChatMessageInfo.m */,
				57F3930C15975FC100B71B9A /* CLVStarChatTopicInfo.h */,
				57F3930D15975FC100B71B9A /* CLVStarChatTopicInfo.m */,
				57F3930E15975FC100B71B9A /* CLVStarChatUserInfo.h */,
				57F3930F15975FC100B71B9A /* CLVStarChatUserInfo.m */,
			);
			name = CLVStarChatAPIClient;
			sourceTree = "<group>";
		};
/* End PBXGroup section */

/* Begin PBXNativeTarget section */
		575384CA158CE10B006C9902 /* StarChatAPIClientExampleTests */ = {
			isa = PBXNativeTarget;
			buildConfigurationList = 575384E7158CE10C006C9902 /* Build configuration list for PBXNativeTarget "StarChatAPIClientExampleTests" */;
			buildPhases = (
				575384C7158CE10B006C9902 /* Sources */,
				575384C8158CE10B006C9902 /* Frameworks */,
				575384C9158CE10B006C9902 /* Resources */,
			);
			buildRules = (
			);
			dependencies = (
			);
			name = StarChatAPIClientExampleTests;
			productName = StarChatAPIClientExampleTests;
			productReference = 575384CB158CE10B006C9902 /* StarChatAPIClientExampleTests.app */;
			productType = "com.apple.product-type.application";
		};
		575B729C1586FD6600470D1C /* StarChatAPIClientExample */ = {
			isa = PBXNativeTarget;
			buildConfigurationList = 575B72B51586FD6600470D1C /* Build configuration list for PBXNativeTarget "StarChatAPIClientExample" */;
			buildPhases = (
				575B72991586FD6600470D1C /* Sources */,
				575B729A1586FD6600470D1C /* Frameworks */,
				575B729B1586FD6600470D1C /* Resources */,
				5D7DED0A643E4597B9EE84A2 /* Copy Pods Resources */,
			);
			buildRules = (
			);
			dependencies = (
			);
			name = StarChatAPIClientExample;
			productName = StarChatAPIClientExample;
			productReference = 575B729D1586FD6600470D1C /* StarChatAPIClientExample.app */;
			productType = "com.apple.product-type.application";
		};
/* End PBXNativeTarget section */

/* Begin PBXProject section */
		575B72941586FD6600470D1C /* Project object */ = {
			isa = PBXProject;
			attributes = {
				CLASSPREFIX = CLV;
				LastUpgradeCheck = 0430;
			};
			buildConfigurationList = 575B72971586FD6600470D1C /* Build configuration list for PBXProject "StarChatAPIClientExample" */;
			compatibilityVersion = "Xcode 3.2";
			developmentRegion = English;
			hasScannedForEncodings = 0;
			knownRegions = (
				en,
			);
			mainGroup = 575B72921586FD6600470D1C;
			productRefGroup = 575B729E1586FD6600470D1C /* Products */;
			projectDirPath = "";
			projectRoot = "";
			targets = (
				575B729C1586FD6600470D1C /* StarChatAPIClientExample */,
				575384CA158CE10B006C9902 /* StarChatAPIClientExampleTests */,
			);
		};
/* End PBXProject section */

/* Begin PBXResourcesBuildPhase section */
		575384C9158CE10B006C9902 /* Resources */ = {
			isa = PBXResourcesBuildPhase;
			buildActionMask = 2147483647;
			files = (
				575384D5158CE10C006C9902 /* InfoPlist.strings in Resources */,
			);
			runOnlyForDeploymentPostprocessing = 0;
		};
		575B729B1586FD6600470D1C /* Resources */ = {
			isa = PBXResourcesBuildPhase;
			buildActionMask = 2147483647;
			files = (
				575B72AC1586FD6600470D1C /* InfoPlist.strings in Resources */,
			);
			runOnlyForDeploymentPostprocessing = 0;
		};
/* End PBXResourcesBuildPhase section */

/* Begin PBXShellScriptBuildPhase section */
		5D7DED0A643E4597B9EE84A2 /* Copy Pods Resources */ = {
			isa = PBXShellScriptBuildPhase;
			buildActionMask = 2147483647;
			files = (
			);
			inputPaths = (
			);
			name = "Copy Pods Resources";
			outputPaths = (
			);
			runOnlyForDeploymentPostprocessing = 0;
			shellPath = /bin/sh;
			shellScript = "\"${SRCROOT}/Pods/Pods-resources.sh\"\n";
		};
/* End PBXShellScriptBuildPhase section */

/* Begin PBXSourcesBuildPhase section */
		575384C7158CE10B006C9902 /* Sources */ = {
			isa = PBXSourcesBuildPhase;
			buildActionMask = 2147483647;
			files = (
				57F392DA158E029F00B71B9A /* main.m in Sources */,
				57F392DE158E05A300B71B9A /* CLVStarChatUserInfoTest.m in Sources */,
				57F392E6158E10F700B71B9A /* CLVStarChatChannelInfoTest.m in Sources */,
				57F392E9158E315F00B71B9A /* CLVStarChatTopicInfoTest.m in Sources */,
				57F392EC158E318100B71B9A /* CLVStarChatMessageInfoTest.m in Sources */,
				57F392EF158E31A900B71B9A /* CLVStarChatAPIClientTest.m in Sources */,
				57F3931115975FC100B71B9A /* CLVStarChatAPIClient.m in Sources */,
				57F3931315975FC100B71B9A /* CLVStarChatChannelInfo.m in Sources */,
				57F3931515975FC100B71B9A /* CLVStarChatMessageInfo.m in Sources */,
				57F3931715975FC100B71B9A /* CLVStarChatTopicInfo.m in Sources */,
				57F3931915975FC100B71B9A /* CLVStarChatUserInfo.m in Sources */,
			);
			runOnlyForDeploymentPostprocessing = 0;
		};
		575B72991586FD6600470D1C /* Sources */ = {
			isa = PBXSourcesBuildPhase;
			buildActionMask = 2147483647;
			files = (
				575B72AE1586FD6600470D1C /* main.m in Sources */,
				575B72B21586FD6600470D1C /* CLVAppDelegate.m in Sources */,
				57F3931015975FC100B71B9A /* CLVStarChatAPIClient.m in Sources */,
				57F3931215975FC100B71B9A /* CLVStarChatChannelInfo.m in Sources */,
				57F3931415975FC100B71B9A /* CLVStarChatMessageInfo.m in Sources */,
				57F3931615975FC100B71B9A /* CLVStarChatTopicInfo.m in Sources */,
				57F3931815975FC100B71B9A /* CLVStarChatUserInfo.m in Sources */,
			);
			runOnlyForDeploymentPostprocessing = 0;
		};
/* End PBXSourcesBuildPhase section */

/* Begin PBXVariantGroup section */
		575384D3158CE10C006C9902 /* InfoPlist.strings */ = {
			isa = PBXVariantGroup;
			children = (
				575384D4158CE10C006C9902 /* en */,
			);
			name = InfoPlist.strings;
			sourceTree = "<group>";
		};
		575B72AA1586FD6600470D1C /* InfoPlist.strings */ = {
			isa = PBXVariantGroup;
			children = (
				575B72AB1586FD6600470D1C /* en */,
			);
			name = InfoPlist.strings;
			sourceTree = "<group>";
		};
/* End PBXVariantGroup section */

/* Begin XCBuildConfiguration section */
		575384E5158CE10C006C9902 /* Debug */ = {
			isa = XCBuildConfiguration;
			buildSettings = {
				"CODE_SIGN_IDENTITY[sdk=iphoneos*]" = "iPhone Developer";
				GCC_PRECOMPILE_PREFIX_HEADER = YES;
				GCC_PREFIX_HEADER = "StarChatAPIClientExampleTests/StarChatAPIClientExampleTests-Prefix.pch";
				HEADER_SEARCH_PATHS = (
					"\"$(PODS_ROOT)/Headers\"",
					"$(SDKROOT)/usr/include/libxml2",
					"\"$(PODS_ROOT)/Headers/AFNetworking\"",
					"\"$(PODS_ROOT)/Headers/CocoaAsyncSocket\"",
					"\"$(PODS_ROOT)/Headers/CocoaHTTPServer\"",
					"\"$(PODS_ROOT)/Headers/CocoaLumberjack\"",
					"\"$(PODS_ROOT)/Headers/GHUnitIOS\"",
					"\"$(PODS_ROOT)/Headers/NLTHTTPStubServer\"",
					"\"$(PODS_ROOT)/Headers/SBJson\"",
				);
				INFOPLIST_FILE = "StarChatAPIClientExampleTests/StarChatAPIClientExampleTests-Info.plist";
				OTHER_LDFLAGS = (
					"-ObjC",
					"-all_load",
					"-framework",
					SystemConfiguration,
					"-framework",
					CFNetwork,
					"-framework",
					Security,
					"-framework",
					Security,
					"-lxml2",
					"-framework",
					CoreLocation,
				);
				PODS_ROOT = "$(SRCROOT)/Pods";
				PRODUCT_NAME = "$(TARGET_NAME)";
				SKIP_INSTALL = YES;
				WRAPPER_EXTENSION = app;
			};
			name = Debug;
		};
		575384E6158CE10C006C9902 /* Release */ = {
			isa = XCBuildConfiguration;
			buildSettings = {
				"CODE_SIGN_IDENTITY[sdk=iphoneos*]" = "iPhone Developer";
				GCC_PRECOMPILE_PREFIX_HEADER = YES;
				GCC_PREFIX_HEADER = "StarChatAPIClientExampleTests/StarChatAPIClientExampleTests-Prefix.pch";
				HEADER_SEARCH_PATHS = (
					"\"$(PODS_ROOT)/Headers\"",
					"$(SDKROOT)/usr/include/libxml2",
					"\"$(PODS_ROOT)/Headers/AFNetworking\"",
					"\"$(PODS_ROOT)/Headers/CocoaAsyncSocket\"",
					"\"$(PODS_ROOT)/Headers/CocoaHTTPServer\"",
					"\"$(PODS_ROOT)/Headers/CocoaLumberjack\"",
					"\"$(PODS_ROOT)/Headers/GHUnitIOS\"",
					"\"$(PODS_ROOT)/Headers/NLTHTTPStubServer\"",
					"\"$(PODS_ROOT)/Headers/SBJson\"",
				);
				INFOPLIST_FILE = "StarChatAPIClientExampleTests/StarChatAPIClientExampleTests-Info.plist";
				OTHER_LDFLAGS = (
					"-ObjC",
					"-all_load",
					"-framework",
					SystemConfiguration,
					"-framework",
					CFNetwork,
					"-framework",
					Security,
					"-framework",
					Security,
					"-lxml2",
					"-framework",
					CoreLocation,
				);
				PODS_ROOT = "$(SRCROOT)/Pods";
				PRODUCT_NAME = "$(TARGET_NAME)";
				SKIP_INSTALL = YES;
				WRAPPER_EXTENSION = app;
			};
			name = Release;
		};
		575B72B31586FD6600470D1C /* Debug */ = {
			isa = XCBuildConfiguration;
			buildSettings = {
				ALWAYS_SEARCH_USER_PATHS = NO;
				ARCHS = "$(ARCHS_STANDARD_32_BIT)";
				CLANG_ENABLE_OBJC_ARC = YES;
				"CODE_SIGN_IDENTITY[sdk=iphoneos*]" = "iPhone Developer";
				COPY_PHASE_STRIP = NO;
				GCC_C_LANGUAGE_STANDARD = gnu99;
				GCC_DYNAMIC_NO_PIC = NO;
				GCC_OPTIMIZATION_LEVEL = 0;
				GCC_PREPROCESSOR_DEFINITIONS = (
					"DEBUG=1",
					"$(inherited)",
				);
				GCC_SYMBOLS_PRIVATE_EXTERN = NO;
				GCC_VERSION = com.apple.compilers.llvm.clang.1_0;
				GCC_WARN_ABOUT_RETURN_TYPE = YES;
				GCC_WARN_UNINITIALIZED_AUTOS = YES;
				GCC_WARN_UNUSED_VARIABLE = YES;
				IPHONEOS_DEPLOYMENT_TARGET = 5.1;
				SDKROOT = iphoneos;
				TARGETED_DEVICE_FAMILY = "1,2";
			};
			name = Debug;
		};
		575B72B41586FD6600470D1C /* Release */ = {
			isa = XCBuildConfiguration;
			buildSettings = {
				ALWAYS_SEARCH_USER_PATHS = NO;
				ARCHS = "$(ARCHS_STANDARD_32_BIT)";
				CLANG_ENABLE_OBJC_ARC = YES;
				"CODE_SIGN_IDENTITY[sdk=iphoneos*]" = "iPhone Developer";
				COPY_PHASE_STRIP = YES;
				GCC_C_LANGUAGE_STANDARD = gnu99;
				GCC_VERSION = com.apple.compilers.llvm.clang.1_0;
				GCC_WARN_ABOUT_RETURN_TYPE = YES;
				GCC_WARN_UNINITIALIZED_AUTOS = YES;
				GCC_WARN_UNUSED_VARIABLE = YES;
				IPHONEOS_DEPLOYMENT_TARGET = 5.1;
				OTHER_CFLAGS = "-DNS_BLOCK_ASSERTIONS=1";
				SDKROOT = iphoneos;
				TARGETED_DEVICE_FAMILY = "1,2";
				VALIDATE_PRODUCT = YES;
			};
			name = Release;
		};
		575B72B61586FD6600470D1C /* Debug */ = {
			isa = XCBuildConfiguration;
			baseConfigurationReference = 53B2D48307FB4E03B1E0E804 /* Pods.xcconfig */;
			buildSettings = {
				DSTROOT = /tmp/xcodeproj.dst;
				GCC_PRECOMPILE_PREFIX_HEADER = YES;
				GCC_PREFIX_HEADER = "StarChatAPIClientExample/StarChatAPIClientExample-Prefix.pch";
				GCC_VERSION = com.apple.compilers.llvm.clang.1_0;
				INFOPLIST_FILE = "StarChatAPIClientExample/StarChatAPIClientExample-Info.plist";
				PRODUCT_NAME = "$(TARGET_NAME)";
				SKIP_INSTALL = YES;
				WRAPPER_EXTENSION = app;
			};
			name = Debug;
		};
		575B72B71586FD6600470D1C /* Release */ = {
			isa = XCBuildConfiguration;
			baseConfigurationReference = 53B2D48307FB4E03B1E0E804 /* Pods.xcconfig */;
			buildSettings = {
				DSTROOT = /tmp/xcodeproj.dst;
				GCC_PRECOMPILE_PREFIX_HEADER = YES;
				GCC_PREFIX_HEADER = "StarChatAPIClientExample/StarChatAPIClientExample-Prefix.pch";
				GCC_VERSION = com.apple.compilers.llvm.clang.1_0;
				INFOPLIST_FILE = "StarChatAPIClientExample/StarChatAPIClientExample-Info.plist";
				PRODUCT_NAME = "$(TARGET_NAME)";
				SKIP_INSTALL = YES;
				WRAPPER_EXTENSION = app;
			};
			name = Release;
		};
/* End XCBuildConfiguration section */

/* Begin XCConfigurationList section */
		575384E7158CE10C006C9902 /* Build configuration list for PBXNativeTarget "StarChatAPIClientExampleTests" */ = {
			isa = XCConfigurationList;
			buildConfigurations = (
				575384E5158CE10C006C9902 /* Debug */,
				575384E6158CE10C006C9902 /* Release */,
			);
			defaultConfigurationIsVisible = 0;
			defaultConfigurationName = Release;
		};
		575B72971586FD6600470D1C /* Build configuration list for PBXProject "StarChatAPIClientExample" */ = {
			isa = XCConfigurationList;
			buildConfigurations = (
				575B72B31586FD6600470D1C /* Debug */,
				575B72B41586FD6600470D1C /* Release */,
			);
			defaultConfigurationIsVisible = 0;
			defaultConfigurationName = Release;
		};
		575B72B51586FD6600470D1C /* Build configuration list for PBXNativeTarget "StarChatAPIClientExample" */ = {
			isa = XCConfigurationList;
			buildConfigurations = (
				575B72B61586FD6600470D1C /* Debug */,
				575B72B71586FD6600470D1C /* Release */,
			);
			defaultConfigurationIsVisible = 0;
			defaultConfigurationName = Release;
		};
/* End XCConfigurationList section */
	};
	rootObject = 575B72941586FD6600470D1C /* Project object */;
}
